
Microsoft Visual Studio Solution File, Format Version 12.00
# Visual Studio Version 16
VisualStudioVersion = 16.0.30011.22
MinimumVisualStudioVersion = 10.0.40219.1
Project("{FAE04EC0-301F-11D3-BF4B-00C04F79EFBC}") = "TimerShutdownTimer", "TimerShutdownTimer.csproj", "{9025F51F-045C-423B-9BDC-164A7BC95A3C}"
EndProject
Project("{FAE04EC0-301F-11D3-BF4B-00C04F79EFBC}") = "ScheduleHelperService", "..\ScheduleHelperService\ScheduleHelperService.csproj", "{FD63542F-AD41-48AA-BA4A-E2C4C58E04CE}"
EndProject
Global
	GlobalSection(SolutionConfigurationPlatforms) = preSolution
		Debug|Any CPU = Debug|Any CPU
		Release|Any CPU = Release|Any CPU
	EndGlobalSection
	GlobalSection(ProjectConfigurationPlatforms) = postSolution
		{9025F51F-045C-423B-9BDC-164A7BC95A3C}.Debug|Any CPU.ActiveCfg = Debug|Any CPU
		{9025F51F-045C-423B-9BDC-164A7BC95A3C}.Debug|Any CPU.Build.0 = Debug|Any CPU
		{9025F51F-045C-423B-9BDC-164A7BC95A3C}.Release|Any CPU.ActiveCfg = Release|Any CPU
		{9025F51F-045C-423B-9BDC-164A7BC95A3C}.Release|Any CPU.Build.0 = Release|Any CPU
		{FD63542F-AD41-48AA-BA4A-E2C4C58E04CE}.Debug|Any CPU.ActiveCfg = Debug|Any CPU
		{FD63542F-AD41-48AA-BA4A-E2C4C58E04CE}.Debug|Any CPU.Build.0 = Debug|Any CPU
		{FD63542F-AD41-48AA-BA4A-E2C4C58E04CE}.Release|Any CPU.ActiveCfg = Release|Any CPU
		{FD63542F-AD41-48AA-BA4A-E2C4C58E04CE}.Release|Any CPU.Build.0 = Release|Any CPU
	EndGlobalSection
	GlobalSection(SolutionProperties) = preSolution
		HideSolutionNode = FALSE
	EndGlobalSection
	GlobalSection(ExtensibilityGlobals) = postSolution
		SolutionGuid = {EFA9A64E-EFAC-47D0-AE80-21E1A2499B96}
	EndGlobalSection
EndGlobal
